# This file is automatically @generated by Poetry 2.1.2 and should not be changed by hand.

[[package]]
name = "lazy-loader"
version = "0.4"
description = "Makes it easy to load subpackages and functions on demand."
optional = false
python-versions = ">=3.7"
groups = ["main"]
files = [
    {file = "lazy_loader-0.4-py3-none-any.whl", hash = "sha256:342aa8e14d543a154047afb4ba8ef17f5563baad3fc610d7b15b213b0f119efc"},
    {file = "lazy_loader-0.4.tar.gz", hash = "sha256:47c75182589b91a4e1a85a136c074285a5ad4d9f39c63e0d7fb76391c4574cd1"},
]

[package.dependencies]
packaging = "*"

[package.extras]
dev = ["changelist (==0.5)"]
lint = ["pre-commit (==3.7.0)"]
test = ["pytest (>=7.4)", "pytest-cov (>=4.1)"]

[[package]]
name = "mkinit"
version = "1.1.0"
description = "Autogenerate __init__.py files"
optional = false
python-versions = ">=3.7"
groups = ["main"]
files = [
    {file = "mkinit-1.1.0-py3-none-any.whl", hash = "sha256:b49dca93956c1e3ba2ae84fa31238745cf1d1aaa47ab53aeda5e22d375a3732a"},
    {file = "mkinit-1.1.0.tar.gz", hash = "sha256:052ee0ba314fbacfc2d04314812868053a3a3acbd393e6a7c0aea4b9f697f6da"},
]

[package.dependencies]
ubelt = ">=1.3.4"

[package.extras]
all = ["Pygments (>=2.2.0)", "black ; python_version > \"3.5\" and platform_python_implementation == \"CPython\"", "colorama ; platform_system == \"Windows\"", "coverage (>=4.3.4) ; python_version == \"3.4\"", "coverage (>=4.5) ; python_version == \"2.6\"", "coverage (>=5.3.1) ; python_version < \"3.4\" and python_version >= \"2.7\"", "coverage (>=5.3.1) ; python_version == \"3.5\"", "coverage (>=5.3.1) ; python_version == \"3.9\"", "coverage (>=6.1.1) ; python_version == \"3.6\"", "coverage (>=6.1.1) ; python_version == \"3.7\"", "coverage (>=6.1.1) ; python_version == \"3.8\"", "coverage (>=6.1.1) ; python_version >= \"3.10\"", "lazy-loader (>=0.3) ; python_version >= \"3.7.0\"", "packaging (>=21.3)", "pytest (>=4.6.0) ; python_version < \"3.10.0\" and python_version >= \"3.7.0\"", "pytest (>=4.6.0) ; python_version < \"3.7.0\" and python_version >= \"3.6.0\"", "pytest (>=4.6.0,<=4.6.11) ; python_version < \"2.8.0\" and python_version >= \"2.7.0\"", "pytest (>=4.6.0,<=4.6.11) ; python_version < \"3.5.0\" and python_version >= \"3.4.0\"", "pytest (>=4.6.0,<=6.1.2) ; python_version < \"3.6.0\" and python_version >= \"3.5.0\"", "pytest (>=6.2.5) ; python_version >= \"3.10.0\"", "pytest-cov (>=2.8.1) ; python_version < \"2.8.0\" and python_version >= \"2.7.0\"", "pytest-cov (>=2.8.1) ; python_version < \"3.5.0\" and python_version >= \"3.4.0\"", "pytest-cov (>=2.9.0) ; python_version < \"3.6.0\" and python_version >= \"3.5.0\"", "pytest-cov (>=3.0.0) ; python_version >= \"3.6.0\"", "ubelt (>=1.3.4)", "xdoctest (>=1.1.2)"]
all-strict = ["Pygments (==2.2.0)", "black ; python_version > \"3.5\" and platform_python_implementation == \"CPython\"", "colorama ; platform_system == \"Windows\"", "coverage (==4.3.4) ; python_version == \"3.4\"", "coverage (==4.5) ; python_version == \"2.6\"", "coverage (==5.3.1) ; python_version < \"3.4\" and python_version >= \"2.7\"", "coverage (==5.3.1) ; python_version == \"3.5\"", "coverage (==5.3.1) ; python_version == \"3.9\"", "coverage (==6.1.1) ; python_version == \"3.6\"", "coverage (==6.1.1) ; python_version == \"3.7\"", "coverage (==6.1.1) ; python_version == \"3.8\"", "coverage (==6.1.1) ; python_version >= \"3.10\"", "lazy-loader (==0.3) ; python_version >= \"3.7.0\"", "packaging (==21.3)", "pytest (==4.6.0) ; python_version < \"2.8.0\" and python_version >= \"2.7.0\"", "pytest (==4.6.0) ; python_version < \"3.10.0\" and python_version >= \"3.7.0\"", "pytest (==4.6.0) ; python_version < \"3.5.0\" and python_version >= \"3.4.0\"", "pytest (==4.6.0) ; python_version < \"3.6.0\" and python_version >= \"3.5.0\"", "pytest (==4.6.0) ; python_version < \"3.7.0\" and python_version >= \"3.6.0\"", "pytest (==6.2.5) ; python_version >= \"3.10.0\"", "pytest-cov (==2.8.1) ; python_version < \"2.8.0\" and python_version >= \"2.7.0\"", "pytest-cov (==2.8.1) ; python_version < \"3.5.0\" and python_version >= \"3.4.0\"", "pytest-cov (==2.9.0) ; python_version < \"3.6.0\" and python_version >= \"3.5.0\"", "pytest-cov (==3.0.0) ; python_version >= \"3.6.0\"", "ubelt (==1.3.4)", "xdoctest (==1.1.2)"]
docs = ["Pygments (>=2.9.0)", "myst-parser (>=0.16.1)", "sphinx (>=4.3.2)", "sphinx-autoapi (>=1.8.4)", "sphinx-autobuild (>=2021.3.14)", "sphinx-reredirects (>=0.0.1)", "sphinx-rtd-theme (>=1.0.0)", "sphinxcontrib-napoleon (>=0.7)"]
docs-strict = ["Pygments (==2.9.0)", "myst-parser (==0.16.1)", "sphinx (==4.3.2)", "sphinx-autoapi (==1.8.4)", "sphinx-autobuild (==2021.3.14)", "sphinx-reredirects (==0.0.1)", "sphinx-rtd-theme (==1.0.0)", "sphinxcontrib-napoleon (==0.7)"]
optional = ["Pygments (>=2.2.0)", "black ; python_version > \"3.5\" and platform_python_implementation == \"CPython\"", "colorama ; platform_system == \"Windows\""]
optional-strict = ["Pygments (==2.2.0)", "black ; python_version > \"3.5\" and platform_python_implementation == \"CPython\"", "colorama ; platform_system == \"Windows\""]
runtime = ["ubelt (>=1.3.4)"]
runtime-strict = ["ubelt (==1.3.4)"]
tests = ["coverage (>=4.3.4) ; python_version == \"3.4\"", "coverage (>=4.5) ; python_version == \"2.6\"", "coverage (>=5.3.1) ; python_version < \"3.4\" and python_version >= \"2.7\"", "coverage (>=5.3.1) ; python_version == \"3.5\"", "coverage (>=5.3.1) ; python_version == \"3.9\"", "coverage (>=6.1.1) ; python_version == \"3.6\"", "coverage (>=6.1.1) ; python_version == \"3.7\"", "coverage (>=6.1.1) ; python_version == \"3.8\"", "coverage (>=6.1.1) ; python_version >= \"3.10\"", "lazy-loader (>=0.3) ; python_version >= \"3.7.0\"", "packaging (>=21.3)", "pytest (>=4.6.0) ; python_version < \"3.10.0\" and python_version >= \"3.7.0\"", "pytest (>=4.6.0) ; python_version < \"3.7.0\" and python_version >= \"3.6.0\"", "pytest (>=4.6.0,<=4.6.11) ; python_version < \"2.8.0\" and python_version >= \"2.7.0\"", "pytest (>=4.6.0,<=4.6.11) ; python_version < \"3.5.0\" and python_version >= \"3.4.0\"", "pytest (>=4.6.0,<=6.1.2) ; python_version < \"3.6.0\" and python_version >= \"3.5.0\"", "pytest (>=6.2.5) ; python_version >= \"3.10.0\"", "pytest-cov (>=2.8.1) ; python_version < \"2.8.0\" and python_version >= \"2.7.0\"", "pytest-cov (>=2.8.1) ; python_version < \"3.5.0\" and python_version >= \"3.4.0\"", "pytest-cov (>=2.9.0) ; python_version < \"3.6.0\" and python_version >= \"3.5.0\"", "pytest-cov (>=3.0.0) ; python_version >= \"3.6.0\"", "xdoctest (>=1.1.2)"]
tests-strict = ["coverage (==4.3.4) ; python_version == \"3.4\"", "coverage (==4.5) ; python_version == \"2.6\"", "coverage (==5.3.1) ; python_version < \"3.4\" and python_version >= \"2.7\"", "coverage (==5.3.1) ; python_version == \"3.5\"", "coverage (==5.3.1) ; python_version == \"3.9\"", "coverage (==6.1.1) ; python_version == \"3.6\"", "coverage (==6.1.1) ; python_version == \"3.7\"", "coverage (==6.1.1) ; python_version == \"3.8\"", "coverage (==6.1.1) ; python_version >= \"3.10\"", "lazy-loader (==0.3) ; python_version >= \"3.7.0\"", "packaging (==21.3)", "pytest (==4.6.0) ; python_version < \"2.8.0\" and python_version >= \"2.7.0\"", "pytest (==4.6.0) ; python_version < \"3.10.0\" and python_version >= \"3.7.0\"", "pytest (==4.6.0) ; python_version < \"3.5.0\" and python_version >= \"3.4.0\"", "pytest (==4.6.0) ; python_version < \"3.6.0\" and python_version >= \"3.5.0\"", "pytest (==4.6.0) ; python_version < \"3.7.0\" and python_version >= \"3.6.0\"", "pytest (==6.2.5) ; python_version >= \"3.10.0\"", "pytest-cov (==2.8.1) ; python_version < \"2.8.0\" and python_version >= \"2.7.0\"", "pytest-cov (==2.8.1) ; python_version < \"3.5.0\" and python_version >= \"3.4.0\"", "pytest-cov (==2.9.0) ; python_version < \"3.6.0\" and python_version >= \"3.5.0\"", "pytest-cov (==3.0.0) ; python_version >= \"3.6.0\"", "xdoctest (==1.1.2)"]

[[package]]
name = "packaging"
version = "25.0"
description = "Core utilities for Python packages"
optional = false
python-versions = ">=3.8"
groups = ["main"]
files = [
    {file = "packaging-25.0-py3-none-any.whl", hash = "sha256:29572ef2b1f17581046b3a2227d5c611fb25ec70ca1ba8554b24b0e69331a484"},
    {file = "packaging-25.0.tar.gz", hash = "sha256:d443872c98d677bf60f6a1f2f8c1cb748e8fe762d2bf9d3148b5599295b0fc4f"},
]

[[package]]
name = "ubelt"
version = "1.4.0"
description = "A Python utility belt containing simple tools, a stdlib like feel, and extra batteries"
optional = false
python-versions = ">=3.8"
groups = ["main"]
files = [
    {file = "ubelt-1.4.0-py3-none-any.whl", hash = "sha256:1490f377ba3cd1d65d839fae4c1a0354c5d486f3cb19e0cb434712709fcf49df"},
    {file = "ubelt-1.4.0.tar.gz", hash = "sha256:84e146c1c3ba13a2425eea5d5748bf33ab3f9dbe7ce237eb11e130116ba17441"},
]

[package.extras]
all = ["Pygments (>=2.13.0) ; python_version < \"4.0\" and python_version >= \"3.12\"", "Pygments (>=2.2.0) ; python_version < \"3.12\"", "colorama (>=0.4.3) ; platform_system == \"Windows\"", "coverage (>=5.3.1) ; python_version == \"3.9\"", "coverage (>=6.1.1) ; python_version < \"3.12\" and python_version >= \"3.10\"", "coverage (>=6.1.1) ; python_version == \"3.8\"", "coverage (>=7.3.0) ; python_version < \"4.0\" and python_version >= \"3.12\"", "jaraco.windows (>=3.9.1) ; platform_system == \"Windows\"", "numpy (>=1.12.0,<2.0.0) ; python_version == \"3.6\" and platform_python_implementation == \"CPython\"", "numpy (>=1.14.5,<2.0.0) ; python_version == \"3.7\" and platform_python_implementation == \"CPython\"", "numpy (>=1.19.2) ; python_version == \"3.8\" and platform_python_implementation == \"CPython\"", "numpy (>=1.19.3) ; python_version == \"3.9\" and platform_python_implementation == \"CPython\"", "numpy (>=1.21.1) ; python_version == \"3.10\" and platform_python_implementation == \"CPython\"", "numpy (>=1.23.2) ; python_version == \"3.11\" and platform_python_implementation == \"CPython\"", "numpy (>=1.26.0) ; python_version == \"3.12\" and platform_python_implementation == \"CPython\"", "numpy (>=2.1.0) ; python_version < \"4.0\" and python_version >= \"3.13\" and platform_python_implementation == \"CPython\"", "packaging (>=21.0)", "pydantic (<2.0) ; platform_system == \"Windows\" and platform_python_implementation == \"PyPy\"", "pytest (>=6.2.5) ; python_version < \"3.10\" and python_version >= \"3.8\"", "pytest (>=6.2.5) ; python_version == \"3.10\"", "pytest (>=8.1.1) ; python_version < \"4.0\" and python_version >= \"3.13\"", "pytest (>=8.1.1) ; python_version == \"3.11\"", "pytest (>=8.1.1) ; python_version == \"3.12\"", "pytest-cov (>=3.0.0)", "pytest_timeout (>=1.4.2) ; python_version < \"3.12\"", "pytest_timeout (>=2.3.1) ; python_version < \"4.0\" and python_version >= \"3.12\"", "python_dateutil (>=2.8.1)", "requests (>=2.25.1)", "xdoctest (>=1.1.5)", "xxhash (>=1.3.0) ; python_version == \"3.6\"", "xxhash (>=1.3.0) ; python_version == \"3.7\"", "xxhash (>=1.4.3) ; python_version == \"3.8\"", "xxhash (>=2.0.2) ; python_version == \"3.9\"", "xxhash (>=3.0.0) ; python_version == \"3.10\"", "xxhash (>=3.2.0) ; python_version == \"3.11\"", "xxhash (>=3.4.1) ; python_version == \"3.12\"", "xxhash (>=3.5.0) ; python_version < \"4.0\" and python_version >= \"3.13\""]
all-strict = ["Pygments (==2.13.0) ; python_version < \"4.0\" and python_version >= \"3.12\"", "Pygments (==2.2.0) ; python_version < \"3.12\"", "colorama (==0.4.3) ; platform_system == \"Windows\"", "coverage (==5.3.1) ; python_version == \"3.9\"", "coverage (==6.1.1) ; python_version < \"3.12\" and python_version >= \"3.10\"", "coverage (==6.1.1) ; python_version == \"3.8\"", "coverage (==7.3.0) ; python_version < \"4.0\" and python_version >= \"3.12\"", "jaraco.windows (==3.9.1) ; platform_system == \"Windows\"", "numpy (==1.12.0) ; python_version == \"3.6\" and platform_python_implementation == \"CPython\"", "numpy (==1.14.5) ; python_version == \"3.7\" and platform_python_implementation == \"CPython\"", "numpy (==1.19.2) ; python_version == \"3.8\" and platform_python_implementation == \"CPython\"", "numpy (==1.19.3) ; python_version == \"3.9\" and platform_python_implementation == \"CPython\"", "numpy (==1.21.1) ; python_version == \"3.10\" and platform_python_implementation == \"CPython\"", "numpy (==1.23.2) ; python_version == \"3.11\" and platform_python_implementation == \"CPython\"", "numpy (==1.26.0) ; python_version == \"3.12\" and platform_python_implementation == \"CPython\"", "numpy (==2.1.0) ; python_version < \"4.0\" and python_version >= \"3.13\" and platform_python_implementation == \"CPython\"", "packaging (==21.0)", "pydantic (<2.0) ; platform_system == \"Windows\" and platform_python_implementation == \"PyPy\"", "pytest (==6.2.5) ; python_version < \"3.10\" and python_version >= \"3.8\"", "pytest (==6.2.5) ; python_version == \"3.10\"", "pytest (==8.1.1) ; python_version < \"4.0\" and python_version >= \"3.13\"", "pytest (==8.1.1) ; python_version == \"3.11\"", "pytest (==8.1.1) ; python_version == \"3.12\"", "pytest-cov (==3.0.0)", "pytest_timeout (==1.4.2) ; python_version < \"3.12\"", "pytest_timeout (==2.3.1) ; python_version < \"4.0\" and python_version >= \"3.12\"", "python_dateutil (==2.8.1)", "requests (==2.25.1)", "xdoctest (==1.1.5)", "xxhash (==1.3.0) ; python_version == \"3.6\"", "xxhash (==1.3.0) ; python_version == \"3.7\"", "xxhash (==1.4.3) ; python_version == \"3.8\"", "xxhash (==2.0.2) ; python_version == \"3.9\"", "xxhash (==3.0.0) ; python_version == \"3.10\"", "xxhash (==3.2.0) ; python_version == \"3.11\"", "xxhash (==3.4.1) ; python_version == \"3.12\"", "xxhash (==3.5.0) ; python_version < \"4.0\" and python_version >= \"3.13\""]
docs = ["Pygments (>=2.9.0)", "myst_parser (>=0.16.1)", "sphinx (>=4.3.2)", "sphinx-autoapi (>=1.8.4)", "sphinx-autobuild (>=2021.3.14)", "sphinx-reredirects (>=0.0.1)", "sphinx_rtd_theme (>=1.0.0)", "sphinxcontrib-napoleon (>=0.7)"]
docs-strict = ["Pygments (==2.9.0)", "myst_parser (==0.16.1)", "sphinx (==4.3.2)", "sphinx-autoapi (==1.8.4)", "sphinx-autobuild (==2021.3.14)", "sphinx-reredirects (==0.0.1)", "sphinx_rtd_theme (==1.0.0)", "sphinxcontrib-napoleon (==0.7)"]
optional = ["Pygments (>=2.13.0) ; python_version < \"4.0\" and python_version >= \"3.12\"", "Pygments (>=2.2.0) ; python_version < \"3.12\"", "colorama (>=0.4.3) ; platform_system == \"Windows\"", "jaraco.windows (>=3.9.1) ; platform_system == \"Windows\"", "numpy (>=1.12.0,<2.0.0) ; python_version == \"3.6\" and platform_python_implementation == \"CPython\"", "numpy (>=1.14.5,<2.0.0) ; python_version == \"3.7\" and platform_python_implementation == \"CPython\"", "numpy (>=1.19.2) ; python_version == \"3.8\" and platform_python_implementation == \"CPython\"", "numpy (>=1.19.3) ; python_version == \"3.9\" and platform_python_implementation == \"CPython\"", "numpy (>=1.21.1) ; python_version == \"3.10\" and platform_python_implementation == \"CPython\"", "numpy (>=1.23.2) ; python_version == \"3.11\" and platform_python_implementation == \"CPython\"", "numpy (>=1.26.0) ; python_version == \"3.12\" and platform_python_implementation == \"CPython\"", "numpy (>=2.1.0) ; python_version < \"4.0\" and python_version >= \"3.13\" and platform_python_implementation == \"CPython\"", "packaging (>=21.0)", "pydantic (<2.0) ; platform_system == \"Windows\" and platform_python_implementation == \"PyPy\"", "python_dateutil (>=2.8.1)", "xxhash (>=1.3.0) ; python_version == \"3.6\"", "xxhash (>=1.3.0) ; python_version == \"3.7\"", "xxhash (>=1.4.3) ; python_version == \"3.8\"", "xxhash (>=2.0.2) ; python_version == \"3.9\"", "xxhash (>=3.0.0) ; python_version == \"3.10\"", "xxhash (>=3.2.0) ; python_version == \"3.11\"", "xxhash (>=3.4.1) ; python_version == \"3.12\"", "xxhash (>=3.5.0) ; python_version < \"4.0\" and python_version >= \"3.13\""]
optional-strict = ["Pygments (==2.13.0) ; python_version < \"4.0\" and python_version >= \"3.12\"", "Pygments (==2.2.0) ; python_version < \"3.12\"", "colorama (==0.4.3) ; platform_system == \"Windows\"", "jaraco.windows (==3.9.1) ; platform_system == \"Windows\"", "numpy (==1.12.0) ; python_version == \"3.6\" and platform_python_implementation == \"CPython\"", "numpy (==1.14.5) ; python_version == \"3.7\" and platform_python_implementation == \"CPython\"", "numpy (==1.19.2) ; python_version == \"3.8\" and platform_python_implementation == \"CPython\"", "numpy (==1.19.3) ; python_version == \"3.9\" and platform_python_implementation == \"CPython\"", "numpy (==1.21.1) ; python_version == \"3.10\" and platform_python_implementation == \"CPython\"", "numpy (==1.23.2) ; python_version == \"3.11\" and platform_python_implementation == \"CPython\"", "numpy (==1.26.0) ; python_version == \"3.12\" and platform_python_implementation == \"CPython\"", "numpy (==2.1.0) ; python_version < \"4.0\" and python_version >= \"3.13\" and platform_python_implementation == \"CPython\"", "packaging (==21.0)", "pydantic (<2.0) ; platform_system == \"Windows\" and platform_python_implementation == \"PyPy\"", "python_dateutil (==2.8.1)", "xxhash (==1.3.0) ; python_version == \"3.6\"", "xxhash (==1.3.0) ; python_version == \"3.7\"", "xxhash (==1.4.3) ; python_version == \"3.8\"", "xxhash (==2.0.2) ; python_version == \"3.9\"", "xxhash (==3.0.0) ; python_version == \"3.10\"", "xxhash (==3.2.0) ; python_version == \"3.11\"", "xxhash (==3.4.1) ; python_version == \"3.12\"", "xxhash (==3.5.0) ; python_version < \"4.0\" and python_version >= \"3.13\""]
tests = ["coverage (>=5.3.1) ; python_version == \"3.9\"", "coverage (>=6.1.1) ; python_version < \"3.12\" and python_version >= \"3.10\"", "coverage (>=6.1.1) ; python_version == \"3.8\"", "coverage (>=7.3.0) ; python_version < \"4.0\" and python_version >= \"3.12\"", "pytest (>=6.2.5) ; python_version < \"3.10\" and python_version >= \"3.8\"", "pytest (>=6.2.5) ; python_version == \"3.10\"", "pytest (>=8.1.1) ; python_version < \"4.0\" and python_version >= \"3.13\"", "pytest (>=8.1.1) ; python_version == \"3.11\"", "pytest (>=8.1.1) ; python_version == \"3.12\"", "pytest-cov (>=3.0.0)", "pytest_timeout (>=1.4.2) ; python_version < \"3.12\"", "pytest_timeout (>=2.3.1) ; python_version < \"4.0\" and python_version >= \"3.12\"", "requests (>=2.25.1)", "xdoctest (>=1.1.5)"]
tests-strict = ["coverage (==5.3.1) ; python_version == \"3.9\"", "coverage (==6.1.1) ; python_version < \"3.12\" and python_version >= \"3.10\"", "coverage (==6.1.1) ; python_version == \"3.8\"", "coverage (==7.3.0) ; python_version < \"4.0\" and python_version >= \"3.12\"", "pytest (==6.2.5) ; python_version < \"3.10\" and python_version >= \"3.8\"", "pytest (==6.2.5) ; python_version == \"3.10\"", "pytest (==8.1.1) ; python_version < \"4.0\" and python_version >= \"3.13\"", "pytest (==8.1.1) ; python_version == \"3.11\"", "pytest (==8.1.1) ; python_version == \"3.12\"", "pytest-cov (==3.0.0)", "pytest_timeout (==1.4.2) ; python_version < \"3.12\"", "pytest_timeout (==2.3.1) ; python_version < \"4.0\" and python_version >= \"3.12\"", "requests (==2.25.1)", "xdoctest (==1.1.5)"]
types = ["autoflake (>=1.4)", "mypy", "yapf (>=0.32.0)"]
types-strict = ["autoflake (==1.4)", "mypy", "yapf (==0.32.0)"]

[metadata]
lock-version = "2.1"
python-versions = ">=3.9"
content-hash = "796ea58e50b8c80384c347e14dd1756156ef791406dd08a207aaab31ae339b78"
